{
    "name": "decorators-example",
    "version": "1.0.0",
    "lockfileVersion": 2,
    "requires": true,
    "packages": {
        "": {
            "name": "decorators-example",
            "version": "1.0.0",
            "license": "MIT",
            "dependencies": {
                "decoratory": "../"
            },
            "devDependencies": {
                "typescript": "^4.5.4"
            }
        },
        "..": {
            "name": "decoratory",
            "version": "0.1.0",
            "license": "MIT",
            "devDependencies": {
                "@types/node": "^17.0.5",
                "@typescript-eslint/eslint-plugin": "^5.8.0",
                "@typescript-eslint/parser": "^5.8.0",
                "dts-bundle-webpack": "^1.0.2",
                "eslint": "^8.5.0",
                "eslint-config-airbnb-base": "^15.0.0",
                "eslint-config-prettier": "^8.3.0",
                "eslint-import-resolver-typescript": "^2.5.0",
                "eslint-plugin-import": "^2.25.3",
                "eslint-plugin-prettier": "^4.0.0",
                "rimraf": "^3.0.2",
                "ts-loader": "^9.2.6",
                "typescript": "^4.5.4",
                "webpack": "^5.65.0",
                "webpack-cli": "^4.9.1",
                "webpack-node-externals": "^3.0.0"
            }
        },
        "node_modules/decoratory": {
            "resolved": "..",
            "link": true
        },
        "node_modules/typescript": {
            "version": "4.5.4",
            "resolved": "https://registry.npmjs.org/typescript/-/typescript-4.5.4.tgz",
            "integrity": "sha512-VgYs2A2QIRuGphtzFV7aQJduJ2gyfTljngLzjpfW9FoYZF6xuw1W0vW9ghCKLfcWrCFxK81CSGRAvS1pn4fIUg==",
            "dev": true,
            "bin": {
                "tsc": "bin/tsc",
                "tsserver": "bin/tsserver"
            },
            "engines": {
                "node": ">=4.2.0"
            }
        }
    },
    "dependencies": {
        "decoratory": {
            "version": "file:..",
            "requires": {
                "@types/node": "^17.0.5",
                "@typescript-eslint/eslint-plugin": "^5.8.0",
                "@typescript-eslint/parser": "^5.8.0",
                "dts-bundle-webpack": "^1.0.2",
                "eslint": "^8.5.0",
                "eslint-config-airbnb-base": "^15.0.0",
                "eslint-config-prettier": "^8.3.0",
                "eslint-import-resolver-typescript": "^2.5.0",
                "eslint-plugin-import": "^2.25.3",
                "eslint-plugin-prettier": "^4.0.0",
                "rimraf": "^3.0.2",
                "ts-loader": "^9.2.6",
                "typescript": "^4.5.4",
                "webpack": "^5.65.0",
                "webpack-cli": "^4.9.1",
                "webpack-node-externals": "^3.0.0"
            }
        },
        "typescript": {
            "version": "4.5.4",
            "resolved": "https://registry.npmjs.org/typescript/-/typescript-4.5.4.tgz",
            "integrity": "sha512-VgYs2A2QIRuGphtzFV7aQJduJ2gyfTljngLzjpfW9FoYZF6xuw1W0vW9ghCKLfcWrCFxK81CSGRAvS1pn4fIUg==",
            "dev": true
        }
    }
}
